{
    "_meta": {
        "hash": {
            "sha256": "f92c0d73dccfd501e4a925ec2a4a149729ab477057a814d74d002b128cca3be1"
        },
        "requires": {
            "python_version": "3.6"
        },
        "sources": [
            {
                "url": "https://pypi.python.org/simple",
                "verify_ssl": true
            }
        ]
    },
    "default": {
        "flask": "*"
    },
    "develop": {}
}
