{
    "_meta": {
        "hash": {
            "sha256": "37fa20abe12342fe5a8ca2e774bcfb9efd03764d9245920f71e4a738bd017451"
        },
        "requires": {
            "python_version": "3.6"
        },
        "sources": [
            {
                "url": "https://pypi.python.org/simple",
                "verify_ssl": true
            }
        ]
    },
    "default": {
        "flask": "*",
        "gunicorn": "*"
    },
    "develop": {}
}
